// !$*UTF8*$!
{
	archiveVersion = 1;
	classes = {
	};
	objectVersion = 56;
	objects = {

/* Begin PBXBuildFile section */
		94F66A8B29DF490900A62057 /* AppDelegate.swift in Sources */ = {isa = PBXBuildFile; fileRef = 94F66A8A29DF490900A62057 /* AppDelegate.swift */; };
		94F66A8D29DF490900A62057 /* SceneDelegate.swift in Sources */ = {isa = PBXBuildFile; fileRef = 94F66A8C29DF490900A62057 /* SceneDelegate.swift */; };
		94F66A8F29DF490900A62057 /* ViewController.swift in Sources */ = {isa = PBXBuildFile; fileRef = 94F66A8E29DF490900A62057 /* ViewController.swift */; };
		94F66A9229DF490900A62057 /* Main.storyboard in Resources */ = {isa = PBXBuildFile; fileRef = 94F66A9029DF490900A62057 /* Main.storyboard */; };
		94F66A9529DF490900A62057 /* UMC_Workbook_Week3.xcdatamodeld in Sources */ = {isa = PBXBuildFile; fileRef = 94F66A9329DF490900A62057 /* UMC_Workbook_Week3.xcdatamodeld */; };
		94F66A9729DF490A00A62057 /* Assets.xcassets in Resources */ = {isa = PBXBuildFile; fileRef = 94F66A9629DF490A00A62057 /* Assets.xcassets */; };
		94F66A9A29DF490A00A62057 /* LaunchScreen.storyboard in Resources */ = {isa = PBXBuildFile; fileRef = 94F66A9829DF490A00A62057 /* LaunchScreen.storyboard */; };
		94F66AA529DF490A00A62057 /* UMC_Workbook_Week3Tests.swift in Sources */ = {isa = PBXBuildFile; fileRef = 94F66AA429DF490A00A62057 /* UMC_Workbook_Week3Tests.swift */; };
		94F66AAF29DF490A00A62057 /* UMC_Workbook_Week3UITests.swift in Sources */ = {isa = PBXBuildFile; fileRef = 94F66AAE29DF490A00A62057 /* UMC_Workbook_Week3UITests.swift */; };
		94F66AB129DF490A00A62057 /* UMC_Workbook_Week3UITestsLaunchTests.swift in Sources */ = {isa = PBXBuildFile; fileRef = 94F66AB029DF490A00A62057 /* UMC_Workbook_Week3UITestsLaunchTests.swift */; };
/* End PBXBuildFile section */

/* Begin PBXContainerItemProxy section */
		94F66AA129DF490A00A62057 /* PBXContainerItemProxy */ = {
			isa = PBXContainerItemProxy;
			containerPortal = 94F66A7F29DF490900A62057 /* Project object */;
			proxyType = 1;
			remoteGlobalIDString = 94F66A8629DF490900A62057;
			remoteInfo = UMC_Workbook_Week3;
		};
		94F66AAB29DF490A00A62057 /* PBXContainerItemProxy */ = {
			isa = PBXContainerItemProxy;
			containerPortal = 94F66A7F29DF490900A62057 /* Project object */;
			proxyType = 1;
			remoteGlobalIDString = 94F66A8629DF490900A62057;
			remoteInfo = UMC_Workbook_Week3;
		};
/* End PBXContainerItemProxy section */

/* Begin PBXFileReference section */
		94F66A8729DF490900A62057 /* UMC_Workbook_Week3.app */ = {isa = PBXFileReference; explicitFileType = wrapper.application; includeInIndex = 0; path = UMC_Workbook_Week3.app; sourceTree = BUILT_PRODUCTS_DIR; };
		94F66A8A29DF490900A62057 /* AppDelegate.swift */ = {isa = PBXFileReference; lastKnownFileType = sourcecode.swift; path = AppDelegate.swift; sourceTree = "<group>"; };
		94F66A8C29DF490900A62057 /* SceneDelegate.swift */ = {isa = PBXFileReference; lastKnownFileType = sourcecode.swift; path = SceneDelegate.swift; sourceTree = "<group>"; };
		94F66A8E29DF490900A62057 /* ViewController.swift */ = {isa = PBXFileReference; lastKnownFileType = sourcecode.swift; path = ViewController.swift; sourceTree = "<group>"; };
		94F66A9129DF490900A62057 /* Base */ = {isa = PBXFileReference; lastKnownFileType = file.storyboard; name = Base; path = Base.lproj/Main.storyboard; sourceTree = "<group>"; };
		94F66A9429DF490900A62057 /* UMC_Workbook_Week3.xcdatamodel */ = {isa = PBXFileReference; lastKnownFileType = wrapper.xcdatamodel; path = UMC_Workbook_Week3.xcdatamodel; sourceTree = "<group>"; };
		94F66A9629DF490A00A62057 /* Assets.xcassets */ = {isa = PBXFileReference; lastKnownFileType = folder.assetcatalog; path = Assets.xcassets; sourceTree = "<group>"; };
		94F66A9929DF490A00A62057 /* Base */ = {isa = PBXFileReference; lastKnownFileType = file.storyboard; name = Base; path = Base.lproj/LaunchScreen.storyboard; sourceTree = "<group>"; };
		94F66A9B29DF490A00A62057 /* Info.plist */ = {isa = PBXFileReference; lastKnownFileType = text.plist.xml; path = Info.plist; sourceTree = "<group>"; };
		94F66AA029DF490A00A62057 /* UMC_Workbook_Week3Tests.xctest */ = {isa = PBXFileReference; explicitFileType = wrapper.cfbundle; includeInIndex = 0; path = UMC_Workbook_Week3Tests.xctest; sourceTree = BUILT_PRODUCTS_DIR; };
		94F66AA429DF490A00A62057 /* UMC_Workbook_Week3Tests.swift */ = {isa = PBXFileReference; lastKnownFileType = sourcecode.swift; path = UMC_Workbook_Week3Tests.swift; sourceTree = "<group>"; };
		94F66AAA29DF490A00A62057 /* UMC_Workbook_Week3UITests.xctest */ = {isa = PBXFileReference; explicitFileType = wrapper.cfbundle; includeInIndex = 0; path = UMC_Workbook_Week3UITests.xctest; sourceTree = BUILT_PRODUCTS_DIR; };
		94F66AAE29DF490A00A62057 /* UMC_Workbook_Week3UITests.swift */ = {isa = PBXFileReference; lastKnownFileType = sourcecode.swift; path = UMC_Workbook_Week3UITests.swift; sourceTree = "<group>"; };
		94F66AB029DF490A00A62057 /* UMC_Workbook_Week3UITestsLaunchTests.swift */ = {isa = PBXFileReference; lastKnownFileType = sourcecode.swift; path = UMC_Workbook_Week3UITestsLaunchTests.swift; sourceTree = "<group>"; };
/* End PBXFileReference section */

/* Begin PBXFrameworksBuildPhase section */
		94F66A8429DF490900A62057 /* Frameworks */ = {
			isa = PBXFrameworksBuildPhase;
			buildActionMask = 2147483647;
			files = (
			);
			runOnlyForDeploymentPostprocessing = 0;
		};
		94F66A9D29DF490A00A62057 /* Frameworks */ = {
			isa = PBXFrameworksBuildPhase;
			buildActionMask = 2147483647;
			files = (
			);
			runOnlyForDeploymentPostprocessing = 0;
		};
		94F66AA729DF490A00A62057 /* Frameworks */ = {
			isa = PBXFrameworksBuildPhase;
			buildActionMask = 2147483647;
			files = (
			);
			runOnlyForDeploymentPostprocessing = 0;
		};
/* End PBXFrameworksBuildPhase section */

/* Begin PBXGroup section */
		94F66A7E29DF490900A62057 = {
			isa = PBXGroup;
			children = (
				94F66A8929DF490900A62057 /* UMC_Workbook_Week3 */,
				94F66AA329DF490A00A62057 /* UMC_Workbook_Week3Tests */,
				94F66AAD29DF490A00A62057 /* UMC_Workbook_Week3UITests */,
				94F66A8829DF490900A62057 /* Products */,
			);
			sourceTree = "<group>";
		};
		94F66A8829DF490900A62057 /* Products */ = {
			isa = PBXGroup;
			children = (
				94F66A8729DF490900A62057 /* UMC_Workbook_Week3.app */,
				94F66AA029DF490A00A62057 /* UMC_Workbook_Week3Tests.xctest */,
				94F66AAA29DF490A00A62057 /* UMC_Workbook_Week3UITests.xctest */,
			);
			name = Products;
			sourceTree = "<group>";
		};
		94F66A8929DF490900A62057 /* UMC_Workbook_Week3 */ = {
			isa = PBXGroup;
			children = (
				94F66A8A29DF490900A62057 /* AppDelegate.swift */,
				94F66A8C29DF490900A62057 /* SceneDelegate.swift */,
				94F66A8E29DF490900A62057 /* ViewController.swift */,
				94F66A9029DF490900A62057 /* Main.storyboard */,
				94F66A9629DF490A00A62057 /* Assets.xcassets */,
				94F66A9829DF490A00A62057 /* LaunchScreen.storyboard */,
				94F66A9B29DF490A00A62057 /* Info.plist */,
				94F66A9329DF490900A62057 /* UMC_Workbook_Week3.xcdatamodeld */,
			);
			path = UMC_Workbook_Week3;
			sourceTree = "<group>";
		};
		94F66AA329DF490A00A62057 /* UMC_Workbook_Week3Tests */ = {
			isa = PBXGroup;
			children = (
				94F66AA429DF490A00A62057 /* UMC_Workbook_Week3Tests.swift */,
			);
			path = UMC_Workbook_Week3Tests;
			sourceTree = "<group>";
		};
		94F66AAD29DF490A00A62057 /* UMC_Workbook_Week3UITests */ = {
			isa = PBXGroup;
			children = (
				94F66AAE29DF490A00A62057 /* UMC_Workbook_Week3UITests.swift */,
				94F66AB029DF490A00A62057 /* UMC_Workbook_Week3UITestsLaunchTests.swift */,
			);
			path = UMC_Workbook_Week3UITests;
			sourceTree = "<group>";
		};
/* End PBXGroup section */

/* Begin PBXNativeTarget section */
		94F66A8629DF490900A62057 /* UMC_Workbook_Week3 */ = {
			isa = PBXNativeTarget;
			buildConfigurationList = 94F66AB429DF490A00A62057 /* Build configuration list for PBXNativeTarget "UMC_Workbook_Week3" */;
			buildPhases = (
				94F66A8329DF490900A62057 /* Sources */,
				94F66A8429DF490900A62057 /* Frameworks */,
				94F66A8529DF490900A62057 /* Resources */,
			);
			buildRules = (
			);
			dependencies = (
			);
			name = UMC_Workbook_Week3;
			productName = UMC_Workbook_Week3;
			productReference = 94F66A8729DF490900A62057 /* UMC_Workbook_Week3.app */;
			productType = "com.apple.product-type.application";
		};
		94F66A9F29DF490A00A62057 /* UMC_Workbook_Week3Tests */ = {
			isa = PBXNativeTarget;
			buildConfigurationList = 94F66AB729DF490A00A62057 /* Build configuration list for PBXNativeTarget "UMC_Workbook_Week3Tests" */;
			buildPhases = (
				94F66A9C29DF490A00A62057 /* Sources */,
				94F66A9D29DF490A00A62057 /* Frameworks */,
				94F66A9E29DF490A00A62057 /* Resources */,
			);
			buildRules = (
			);
			dependencies = (
				94F66AA229DF490A00A62057 /* PBXTargetDependency */,
			);
			name = UMC_Workbook_Week3Tests;
			productName = UMC_Workbook_Week3Tests;
			productReference = 94F66AA029DF490A00A62057 /* UMC_Workbook_Week3Tests.xctest */;
			productType = "com.apple.product-type.bundle.unit-test";
		};
		94F66AA929DF490A00A62057 /* UMC_Workbook_Week3UITests */ = {
			isa = PBXNativeTarget;
			buildConfigurationList = 94F66ABA29DF490A00A62057 /* Build configuration list for PBXNativeTarget "UMC_Workbook_Week3UITests" */;
			buildPhases = (
				94F66AA629DF490A00A62057 /* Sources */,
				94F66AA729DF490A00A62057 /* Frameworks */,
				94F66AA829DF490A00A62057 /* Resources */,
			);
			buildRules = (
			);
			dependencies = (
				94F66AAC29DF490A00A62057 /* PBXTargetDependency */,
			);
			name = UMC_Workbook_Week3UITests;
			productName = UMC_Workbook_Week3UITests;
			productReference = 94F66AAA29DF490A00A62057 /* UMC_Workbook_Week3UITests.xctest */;
			productType = "com.apple.product-type.bundle.ui-testing";
		};
/* End PBXNativeTarget section */

/* Begin PBXProject section */
		94F66A7F29DF490900A62057 /* Project object */ = {
			isa = PBXProject;
			attributes = {
				BuildIndependentTargetsInParallel = 1;
				LastSwiftUpdateCheck = 1430;
				LastUpgradeCheck = 1430;
				TargetAttributes = {
					94F66A8629DF490900A62057 = {
						CreatedOnToolsVersion = 14.3;
					};
					94F66A9F29DF490A00A62057 = {
						CreatedOnToolsVersion = 14.3;
						TestTargetID = 94F66A8629DF490900A62057;
					};
					94F66AA929DF490A00A62057 = {
						CreatedOnToolsVersion = 14.3;
						TestTargetID = 94F66A8629DF490900A62057;
					};
				};
			};
			buildConfigurationList = 94F66A8229DF490900A62057 /* Build configuration list for PBXProject "UMC_Workbook_Week3" */;
			compatibilityVersion = "Xcode 14.0";
			developmentRegion = en;
			hasScannedForEncodings = 0;
			knownRegions = (
				en,
				Base,
			);
			mainGroup = 94F66A7E29DF490900A62057;
			productRefGroup = 94F66A8829DF490900A62057 /* Products */;
			projectDirPath = "";
			projectRoot = "";
			targets = (
				94F66A8629DF490900A62057 /* UMC_Workbook_Week3 */,
				94F66A9F29DF490A00A62057 /* UMC_Workbook_Week3Tests */,
				94F66AA929DF490A00A62057 /* UMC_Workbook_Week3UITests */,
			);
		};
/* End PBXProject section */

/* Begin PBXResourcesBuildPhase section */
		94F66A8529DF490900A62057 /* Resources */ = {
			isa = PBXResourcesBuildPhase;
			buildActionMask = 2147483647;
			files = (
				94F66A9A29DF490A00A62057 /* LaunchScreen.storyboard in Resources */,
				94F66A9729DF490A00A62057 /* Assets.xcassets in Resources */,
				94F66A9229DF490900A62057 /* Main.storyboard in Resources */,
			);
			runOnlyForDeploymentPostprocessing = 0;
		};
		94F66A9E29DF490A00A62057 /* Resources */ = {
			isa = PBXResourcesBuildPhase;
			buildActionMask = 2147483647;
			files = (
			);
			runOnlyForDeploymentPostprocessing = 0;
		};
		94F66AA829DF490A00A62057 /* Resources */ = {
			isa = PBXResourcesBuildPhase;
			buildActionMask = 2147483647;
			files = (
			);
			runOnlyForDeploymentPostprocessing = 0;
		};
/* End PBXResourcesBuildPhase section */

/* Begin PBXSourcesBuildPhase section */
		94F66A8329DF490900A62057 /* Sources */ = {
			isa = PBXSourcesBuildPhase;
			buildActionMask = 2147483647;
			files = (
				94F66A8F29DF490900A62057 /* ViewController.swift in Sources */,
				94F66A8B29DF490900A62057 /* AppDelegate.swift in Sources */,
				94F66A8D29DF490900A62057 /* SceneDelegate.swift in Sources */,
				94F66A9529DF490900A62057 /* UMC_Workbook_Week3.xcdatamodeld in Sources */,
			);
			runOnlyForDeploymentPostprocessing = 0;
		};
		94F66A9C29DF490A00A62057 /* Sources */ = {
			isa = PBXSourcesBuildPhase;
			buildActionMask = 2147483647;
			files = (
				94F66AA529DF490A00A62057 /* UMC_Workbook_Week3Tests.swift in Sources */,
			);
			runOnlyForDeploymentPostprocessing = 0;
		};
		94F66AA629DF490A00A62057 /* Sources */ = {
			isa = PBXSourcesBuildPhase;
			buildActionMask = 2147483647;
			files = (
				94F66AB129DF490A00A62057 /* UMC_Workbook_Week3UITestsLaunchTests.swift in Sources */,
				94F66AAF29DF490A00A62057 /* UMC_Workbook_Week3UITests.swift in Sources */,
			);
			runOnlyForDeploymentPostprocessing = 0;
		};
/* End PBXSourcesBuildPhase section */

/* Begin PBXTargetDependency section */
		94F66AA229DF490A00A62057 /* PBXTargetDependency */ = {
			isa = PBXTargetDependency;
			target = 94F66A8629DF490900A62057 /* UMC_Workbook_Week3 */;
			targetProxy = 94F66AA129DF490A00A62057 /* PBXContainerItemProxy */;
		};
		94F66AAC29DF490A00A62057 /* PBXTargetDependency */ = {
			isa = PBXTargetDependency;
			target = 94F66A8629DF490900A62057 /* UMC_Workbook_Week3 */;
			targetProxy = 94F66AAB29DF490A00A62057 /* PBXContainerItemProxy */;
		};
/* End PBXTargetDependency section */

/* Begin PBXVariantGroup section */
		94F66A9029DF490900A62057 /* Main.storyboard */ = {
			isa = PBXVariantGroup;
			children = (
				94F66A9129DF490900A62057 /* Base */,
			);
			name = Main.storyboard;
			sourceTree = "<group>";
		};
		94F66A9829DF490A00A62057 /* LaunchScreen.storyboard */ = {
			isa = PBXVariantGroup;
			children = (
				94F66A9929DF490A00A62057 /* Base */,
			);
			name = LaunchScreen.storyboard;
			sourceTree = "<group>";
		};
/* End PBXVariantGroup section */

/* Begin XCBuildConfiguration section */
		94F66AB229DF490A00A62057 /* Debug */ = {
			isa = XCBuildConfiguration;
			buildSettings = {
				ALWAYS_SEARCH_USER_PATHS = NO;
				CLANG_ANALYZER_NONNULL = YES;
				CLANG_ANALYZER_NUMBER_OBJECT_CONVERSION = YES_AGGRESSIVE;
				CLANG_CXX_LANGUAGE_STANDARD = "gnu++20";
				CLANG_ENABLE_MODULES = YES;
				CLANG_ENABLE_OBJC_ARC = YES;
				CLANG_ENABLE_OBJC_WEAK = YES;
				CLANG_WARN_BLOCK_CAPTURE_AUTORELEASING = YES;
				CLANG_WARN_BOOL_CONVERSION = YES;
				CLANG_WARN_COMMA = YES;
				CLANG_WARN_CONSTANT_CONVERSION = YES;
				CLANG_WARN_DEPRECATED_OBJC_IMPLEMENTATIONS = YES;
				CLANG_WARN_DIRECT_OBJC_ISA_USAGE = YES_ERROR;
				CLANG_WARN_DOCUMENTATION_COMMENTS = YES;
				CLANG_WARN_EMPTY_BODY = YES;
				CLANG_WARN_ENUM_CONVERSION = YES;
				CLANG_WARN_INFINITE_RECURSION = YES;
				CLANG_WARN_INT_CONVERSION = YES;
				CLANG_WARN_NON_LITERAL_NULL_CONVERSION = YES;
				CLANG_WARN_OBJC_IMPLICIT_RETAIN_SELF = YES;
				CLANG_WARN_OBJC_LITERAL_CONVERSION = YES;
				CLANG_WARN_OBJC_ROOT_CLASS = YES_ERROR;
				CLANG_WARN_QUOTED_INCLUDE_IN_FRAMEWORK_HEADER = YES;
				CLANG_WARN_RANGE_LOOP_ANALYSIS = YES;
				CLANG_WARN_STRICT_PROTOTYPES = YES;
				CLANG_WARN_SUSPICIOUS_MOVE = YES;
				CLANG_WARN_UNGUARDED_AVAILABILITY = YES_AGGRESSIVE;
				CLANG_WARN_UNREACHABLE_CODE = YES;
				CLANG_WARN__DUPLICATE_METHOD_MATCH = YES;
				COPY_PHASE_STRIP = NO;
				DEBUG_INFORMATION_FORMAT = dwarf;
				ENABLE_STRICT_OBJC_MSGSEND = YES;
				ENABLE_TESTABILITY = YES;
				GCC_C_LANGUAGE_STANDARD = gnu11;
				GCC_DYNAMIC_NO_PIC = NO;
				GCC_NO_COMMON_BLOCKS = YES;
				GCC_OPTIMIZATION_LEVEL = 0;
				GCC_PREPROCESSOR_DEFINITIONS = (
					"DEBUG=1",
					"$(inherited)",
				);
				GCC_WARN_64_TO_32_BIT_CONVERSION = YES;
				GCC_WARN_ABOUT_RETURN_TYPE = YES_ERROR;
				GCC_WARN_UNDECLARED_SELECTOR = YES;
				GCC_WARN_UNINITIALIZED_AUTOS = YES_AGGRESSIVE;
				GCC_WARN_UNUSED_FUNCTION = YES;
				GCC_WARN_UNUSED_VARIABLE = YES;
				IPHONEOS_DEPLOYMENT_TARGET = 16.4;
				MTL_ENABLE_DEBUG_INFO = INCLUDE_SOURCE;
				MTL_FAST_MATH = YES;
				ONLY_ACTIVE_ARCH = YES;
				SDKROOT = iphoneos;
				SWIFT_ACTIVE_COMPILATION_CONDITIONS = DEBUG;
				SWIFT_OPTIMIZATION_LEVEL = "-Onone";
			};
			name = Debug;
		};
		94F66AB329DF490A00A62057 /* Release */ = {
			isa = XCBuildConfiguration;
			buildSettings = {
				ALWAYS_SEARCH_USER_PATHS = NO;
				CLANG_ANALYZER_NONNULL = YES;
				CLANG_ANALYZER_NUMBER_OBJECT_CONVERSION = YES_AGGRESSIVE;
				CLANG_CXX_LANGUAGE_STANDARD = "gnu++20";
				CLANG_ENABLE_MODULES = YES;
				CLANG_ENABLE_OBJC_ARC = YES;
				CLANG_ENABLE_OBJC_WEAK = YES;
				CLANG_WARN_BLOCK_CAPTURE_AUTORELEASING = YES;
				CLANG_WARN_BOOL_CONVERSION = YES;
				CLANG_WARN_COMMA = YES;
				CLANG_WARN_CONSTANT_CONVERSION = YES;
				CLANG_WARN_DEPRECATED_OBJC_IMPLEMENTATIONS = YES;
				CLANG_WARN_DIRECT_OBJC_ISA_USAGE = YES_ERROR;
				CLANG_WARN_DOCUMENTATION_COMMENTS = YES;
				CLANG_WARN_EMPTY_BODY = YES;
				CLANG_WARN_ENUM_CONVERSION = YES;
				CLANG_WARN_INFINITE_RECURSION = YES;
				CLANG_WARN_INT_CONVERSION = YES;
				CLANG_WARN_NON_LITERAL_NULL_CONVERSION = YES;
				CLANG_WARN_OBJC_IMPLICIT_RETAIN_SELF = YES;
				CLANG_WARN_OBJC_LITERAL_CONVERSION = YES;
				CLANG_WARN_OBJC_ROOT_CLASS = YES_ERROR;
				CLANG_WARN_QUOTED_INCLUDE_IN_FRAMEWORK_HEADER = YES;
				CLANG_WARN_RANGE_LOOP_ANALYSIS = YES;
				CLANG_WARN_STRICT_PROTOTYPES = YES;
				CLANG_WARN_SUSPICIOUS_MOVE = YES;
				CLANG_WARN_UNGUARDED_AVAILABILITY = YES_AGGRESSIVE;
				CLANG_WARN_UNREACHABLE_CODE = YES;
				CLANG_WARN__DUPLICATE_METHOD_MATCH = YES;
				COPY_PHASE_STRIP = NO;
				DEBUG_INFORMATION_FORMAT = "dwarf-with-dsym";
				ENABLE_NS_ASSERTIONS = NO;
				ENABLE_STRICT_OBJC_MSGSEND = YES;
				GCC_C_LANGUAGE_STANDARD = gnu11;
				GCC_NO_COMMON_BLOCKS = YES;
				GCC_WARN_64_TO_32_BIT_CONVERSION = YES;
				GCC_WARN_ABOUT_RETURN_TYPE = YES_ERROR;
				GCC_WARN_UNDECLARED_SELECTOR = YES;
				GCC_WARN_UNINITIALIZED_AUTOS = YES_AGGRESSIVE;
				GCC_WARN_UNUSED_FUNCTION = YES;
				GCC_WARN_UNUSED_VARIABLE = YES;
				IPHONEOS_DEPLOYMENT_TARGET = 16.4;
				MTL_ENABLE_DEBUG_INFO = NO;
				MTL_FAST_MATH = YES;
				SDKROOT = iphoneos;
				SWIFT_COMPILATION_MODE = wholemodule;
				SWIFT_OPTIMIZATION_LEVEL = "-O";
				VALIDATE_PRODUCT = YES;
			};
			name = Release;
		};
		94F66AB529DF490A00A62057 /* Debug */ = {
			isa = XCBuildConfiguration;
			buildSettings = {
				ASSETCATALOG_COMPILER_APPICON_NAME = AppIcon;
				ASSETCATALOG_COMPILER_GLOBAL_ACCENT_COLOR_NAME = AccentColor;
				CODE_SIGN_STYLE = Automatic;
				CURRENT_PROJECT_VERSION = 1;
				GENERATE_INFOPLIST_FILE = YES;
				INFOPLIST_FILE = UMC_Workbook_Week3/Info.plist;
				INFOPLIST_KEY_UIApplicationSupportsIndirectInputEvents = YES;
				INFOPLIST_KEY_UILaunchStoryboardName = LaunchScreen;
				INFOPLIST_KEY_UIMainStoryboardFile = Main;
				INFOPLIST_KEY_UISupportedInterfaceOrientations_iPad = "UIInterfaceOrientationPortrait UIInterfaceOrientationPortraitUpsideDown UIInterfaceOrientationLandscapeLeft UIInterfaceOrientationLandscapeRight";
				INFOPLIST_KEY_UISupportedInterfaceOrientations_iPhone = "UIInterfaceOrientationPortrait UIInterfaceOrientationLandscapeLeft UIInterfaceOrientationLandscapeRight";
				LD_RUNPATH_SEARCH_PATHS = (
					"$(inherited)",
					"@executable_path/Frameworks",
				);
				MARKETING_VERSION = 1.0;
				PRODUCT_BUNDLE_IDENTIFIER = "jm.UMC-Workbook-Week3";
				PRODUCT_NAME = "$(TARGET_NAME)";
				SWIFT_EMIT_LOC_STRINGS = YES;
				SWIFT_VERSION = 5.0;
				TARGETED_DEVICE_FAMILY = "1,2";
			};
			name = Debug;
		};
		94F66AB629DF490A00A62057 /* Release */ = {
			isa = XCBuildConfiguration;
			buildSettings = {
				ASSETCATALOG_COMPILER_APPICON_NAME = AppIcon;
				ASSETCATALOG_COMPILER_GLOBAL_ACCENT_COLOR_NAME = AccentColor;
				CODE_SIGN_STYLE = Automatic;
				CURRENT_PROJECT_VERSION = 1;
				GENERATE_INFOPLIST_FILE = YES;
				INFOPLIST_FILE = UMC_Workbook_Week3/Info.plist;
				INFOPLIST_KEY_UIApplicationSupportsIndirectInputEvents = YES;
				INFOPLIST_KEY_UILaunchStoryboardName = LaunchScreen;
				INFOPLIST_KEY_UIMainStoryboardFile = Main;
				INFOPLIST_KEY_UISupportedInterfaceOrientations_iPad = "UIInterfaceOrientationPortrait UIInterfaceOrientationPortraitUpsideDown UIInterfaceOrientationLandscapeLeft UIInterfaceOrientationLandscapeRight";
				INFOPLIST_KEY_UISupportedInterfaceOrientations_iPhone = "UIInterfaceOrientationPortrait UIInterfaceOrientationLandscapeLeft UIInterfaceOrientationLandscapeRight";
				LD_RUNPATH_SEARCH_PATHS = (
					"$(inherited)",
					"@executable_path/Frameworks",
				);
				MARKETING_VERSION = 1.0;
				PRODUCT_BUNDLE_IDENTIFIER = "jm.UMC-Workbook-Week3";
				PRODUCT_NAME = "$(TARGET_NAME)";
				SWIFT_EMIT_LOC_STRINGS = YES;
				SWIFT_VERSION = 5.0;
				TARGETED_DEVICE_FAMILY = "1,2";
			};
			name = Release;
		};
		94F66AB829DF490A00A62057 /* Debug */ = {
			isa = XCBuildConfiguration;
			buildSettings = {
				ALWAYS_EMBED_SWIFT_STANDARD_LIBRARIES = YES;
				BUNDLE_LOADER = "$(TEST_HOST)";
				CODE_SIGN_STYLE = Automatic;
				CURRENT_PROJECT_VERSION = 1;
				GENERATE_INFOPLIST_FILE = YES;
				IPHONEOS_DEPLOYMENT_TARGET = 16.4;
				MARKETING_VERSION = 1.0;
				PRODUCT_BUNDLE_IDENTIFIER = "jm.UMC-Workbook-Week3Tests";
				PRODUCT_NAME = "$(TARGET_NAME)";
				SWIFT_EMIT_LOC_STRINGS = NO;
				SWIFT_VERSION = 5.0;
				TARGETED_DEVICE_FAMILY = "1,2";
				TEST_HOST = "$(BUILT_PRODUCTS_DIR)/UMC_Workbook_Week3.app/$(BUNDLE_EXECUTABLE_FOLDER_PATH)/UMC_Workbook_Week3";
			};
			name = Debug;
		};
		94F66AB929DF490A00A62057 /* Release */ = {
			isa = XCBuildConfiguration;
			buildSettings = {
				ALWAYS_EMBED_SWIFT_STANDARD_LIBRARIES = YES;
				BUNDLE_LOADER = "$(TEST_HOST)";
				CODE_SIGN_STYLE = Automatic;
				CURRENT_PROJECT_VERSION = 1;
				GENERATE_INFOPLIST_FILE = YES;
				IPHONEOS_DEPLOYMENT_TARGET = 16.4;
				MARKETING_VERSION = 1.0;
				PRODUCT_BUNDLE_IDENTIFIER = "jm.UMC-Workbook-Week3Tests";
				PRODUCT_NAME = "$(TARGET_NAME)";
				SWIFT_EMIT_LOC_STRINGS = NO;
				SWIFT_VERSION = 5.0;
				TARGETED_DEVICE_FAMILY = "1,2";
				TEST_HOST = "$(BUILT_PRODUCTS_DIR)/UMC_Workbook_Week3.app/$(BUNDLE_EXECUTABLE_FOLDER_PATH)/UMC_Workbook_Week3";
			};
			name = Release;
		};
		94F66ABB29DF490A00A62057 /* Debug */ = {
			isa = XCBuildConfiguration;
			buildSettings = {
				ALWAYS_EMBED_SWIFT_STANDARD_LIBRARIES = YES;
				CODE_SIGN_STYLE = Automatic;
				CURRENT_PROJECT_VERSION = 1;
				GENERATE_INFOPLIST_FILE = YES;
				MARKETING_VERSION = 1.0;
				PRODUCT_BUNDLE_IDENTIFIER = "jm.UMC-Workbook-Week3UITests";
				PRODUCT_NAME = "$(TARGET_NAME)";
				SWIFT_EMIT_LOC_STRINGS = NO;
				SWIFT_VERSION = 5.0;
				TARGETED_DEVICE_FAMILY = "1,2";
				TEST_TARGET_NAME = UMC_Workbook_Week3;
			};
			name = Debug;
		};
		94F66ABC29DF490A00A62057 /* Release */ = {
			isa = XCBuildConfiguration;
			buildSettings = {
				ALWAYS_EMBED_SWIFT_STANDARD_LIBRARIES = YES;
				CODE_SIGN_STYLE = Automatic;
				CURRENT_PROJECT_VERSION = 1;
				GENERATE_INFOPLIST_FILE = YES;
				MARKETING_VERSION = 1.0;
				PRODUCT_BUNDLE_IDENTIFIER = "jm.UMC-Workbook-Week3UITests";
				PRODUCT_NAME = "$(TARGET_NAME)";
				SWIFT_EMIT_LOC_STRINGS = NO;
				SWIFT_VERSION = 5.0;
				TARGETED_DEVICE_FAMILY = "1,2";
				TEST_TARGET_NAME = UMC_Workbook_Week3;
			};
			name = Release;
		};
/* End XCBuildConfiguration section */

/* Begin XCConfigurationList section */
		94F66A8229DF490900A62057 /* Build configuration list for PBXProject "UMC_Workbook_Week3" */ = {
			isa = XCConfigurationList;
			buildConfigurations = (
				94F66AB229DF490A00A62057 /* Debug */,
				94F66AB329DF490A00A62057 /* Release */,
			);
			defaultConfigurationIsVisible = 0;
			defaultConfigurationName = Release;
		};
		94F66AB429DF490A00A62057 /* Build configuration list for PBXNativeTarget "UMC_Workbook_Week3" */ = {
			isa = XCConfigurationList;
			buildConfigurations = (
				94F66AB529DF490A00A62057 /* Debug */,
				94F66AB629DF490A00A62057 /* Release */,
			);
			defaultConfigurationIsVisible = 0;
			defaultConfigurationName = Release;
		};
		94F66AB729DF490A00A62057 /* Build configuration list for PBXNativeTarget "UMC_Workbook_Week3Tests" */ = {
			isa = XCConfigurationList;
			buildConfigurations = (
				94F66AB829DF490A00A62057 /* Debug */,
				94F66AB929DF490A00A62057 /* Release */,
			);
			defaultConfigurationIsVisible = 0;
			defaultConfigurationName = Release;
		};
		94F66ABA29DF490A00A62057 /* Build configuration list for PBXNativeTarget "UMC_Workbook_Week3UITests" */ = {
			isa = XCConfigurationList;
			buildConfigurations = (
				94F66ABB29DF490A00A62057 /* Debug */,
				94F66ABC29DF490A00A62057 /* Release */,
			);
			defaultConfigurationIsVisible = 0;
			defaultConfigurationName = Release;
		};
/* End XCConfigurationList section */

/* Begin XCVersionGroup section */
		94F66A9329DF490900A62057 /* UMC_Workbook_Week3.xcdatamodeld */ = {
			isa = XCVersionGroup;
			children = (
				94F66A9429DF490900A62057 /* UMC_Workbook_Week3.xcdatamodel */,
			);
			currentVersion = 94F66A9429DF490900A62057 /* UMC_Workbook_Week3.xcdatamodel */;
			path = UMC_Workbook_Week3.xcdatamodeld;
			sourceTree = "<group>";
			versionGroupType = wrapper.xcdatamodel;
		};
/* End XCVersionGroup section */
	};
	rootObject = 94F66A7F29DF490900A62057 /* Project object */;
}
